# generated by rye
# use `rye lock` or `rye sync` to update this lockfile
#
# last locked with the following flags:
#   pre: false
#   features: []
#   all-features: false
#   with-sources: false

-e file:.
attrs==23.2.0
    # via outcome
    # via trio
brotli==1.1.0
    # via fonttools
certifi==2024.2.2
    # via selenium
cffi==1.16.0
    # via weasyprint
cssselect2==0.7.0
    # via weasyprint
fonttools==4.49.0
    # via weasyprint
h11==0.14.0
    # via wsproto
html5lib==1.1
    # via weasyprint
idna==3.6
    # via trio
imgkit==1.2.3
    # via billgen
jinja2==3.1.3
    # via billgen
markupsafe==2.1.5
    # via jinja2
outcome==1.3.0.post0
    # via trio
pdfkit==1.0.0
    # via billgen
pillow==10.2.0
    # via weasyprint
pycparser==2.21
    # via cffi
pydyf==0.9.0
    # via weasyprint
pyphen==0.14.0
    # via weasyprint
pysocks==1.7.1
    # via urllib3
selenium==4.18.1
    # via billgen
six==1.16.0
    # via html5lib
    # via imgkit
sniffio==1.3.1
    # via trio
sortedcontainers==2.4.0
    # via trio
tinycss2==1.2.1
    # via cssselect2
    # via weasyprint
trio==0.24.0
    # via selenium
    # via trio-websocket
trio-websocket==0.11.1
    # via selenium
typing-extensions==4.10.0
    # via selenium
urllib3==2.2.1
    # via selenium
weasyprint==61.2
    # via billgen
webencodings==0.5.1
    # via cssselect2
    # via html5lib
    # via tinycss2
wsproto==1.2.0
    # via trio-websocket
zopfli==0.2.3
    # via fonttools
